// !$*UTF8*$!
{
	archiveVersion = 1;
	classes = {
	};
	objectVersion = 50;
	objects = {

/* Begin PBXBuildFile section */
		8541018B7F34EF3E0B922C8E /* Pods_To_Do.framework in Frameworks */ = {isa = PBXBuildFile; fileRef = EE48CFBEB037CAD005FB8259 /* Pods_To_Do.framework */; };
		95256D9F2209DCDE007E1BA9 /* CategoryTableViewController.swift in Sources */ = {isa = PBXBuildFile; fileRef = 95256D9E2209DCDE007E1BA9 /* CategoryTableViewController.swift */; };
		953A6AF4220B805C0094DD98 /* SwipeTableViewController.swift in Sources */ = {isa = PBXBuildFile; fileRef = 953A6AF3220B805C0094DD98 /* SwipeTableViewController.swift */; };
		95538EC522049F56006757BB /* AppDelegate.swift in Sources */ = {isa = PBXBuildFile; fileRef = 95538EC422049F56006757BB /* AppDelegate.swift */; };
		95538EC722049F56006757BB /* TodoListViewController.swift in Sources */ = {isa = PBXBuildFile; fileRef = 95538EC622049F56006757BB /* TodoListViewController.swift */; };
		95538ECA22049F56006757BB /* Main.storyboard in Resources */ = {isa = PBXBuildFile; fileRef = 95538EC822049F56006757BB /* Main.storyboard */; };
		95538ECC22049F58006757BB /* Assets.xcassets in Resources */ = {isa = PBXBuildFile; fileRef = 95538ECB22049F58006757BB /* Assets.xcassets */; };
		95538ECF22049F58006757BB /* LaunchScreen.storyboard in Resources */ = {isa = PBXBuildFile; fileRef = 95538ECD22049F58006757BB /* LaunchScreen.storyboard */; };
		95EFBF6E220AFD55002563D6 /* TodoItem.swift in Sources */ = {isa = PBXBuildFile; fileRef = 95EFBF6D220AFD55002563D6 /* TodoItem.swift */; };
		95EFBF70220AFE36002563D6 /* Category.swift in Sources */ = {isa = PBXBuildFile; fileRef = 95EFBF6F220AFE36002563D6 /* Category.swift */; };
/* End PBXBuildFile section */

/* Begin PBXFileReference section */
		52927D44A1848E71848F0EE0 /* Pods-To Do.release.xcconfig */ = {isa = PBXFileReference; includeInIndex = 1; lastKnownFileType = text.xcconfig; name = "Pods-To Do.release.xcconfig"; path = "Pods/Target Support Files/Pods-To Do/Pods-To Do.release.xcconfig"; sourceTree = "<group>"; };
		95256D9E2209DCDE007E1BA9 /* CategoryTableViewController.swift */ = {isa = PBXFileReference; lastKnownFileType = sourcecode.swift; path = CategoryTableViewController.swift; sourceTree = "<group>"; };
		953A6AF3220B805C0094DD98 /* SwipeTableViewController.swift */ = {isa = PBXFileReference; lastKnownFileType = sourcecode.swift; path = SwipeTableViewController.swift; sourceTree = "<group>"; };
		95538EC122049F56006757BB /* To Do.app */ = {isa = PBXFileReference; explicitFileType = wrapper.application; includeInIndex = 0; path = "To Do.app"; sourceTree = BUILT_PRODUCTS_DIR; };
		95538EC422049F56006757BB /* AppDelegate.swift */ = {isa = PBXFileReference; lastKnownFileType = sourcecode.swift; path = AppDelegate.swift; sourceTree = "<group>"; };
		95538EC622049F56006757BB /* TodoListViewController.swift */ = {isa = PBXFileReference; lastKnownFileType = sourcecode.swift; path = TodoListViewController.swift; sourceTree = "<group>"; };
		95538EC922049F56006757BB /* Base */ = {isa = PBXFileReference; lastKnownFileType = file.storyboard; name = Base; path = Base.lproj/Main.storyboard; sourceTree = "<group>"; };
		95538ECB22049F58006757BB /* Assets.xcassets */ = {isa = PBXFileReference; lastKnownFileType = folder.assetcatalog; path = Assets.xcassets; sourceTree = "<group>"; };
		95538ECE22049F58006757BB /* Base */ = {isa = PBXFileReference; lastKnownFileType = file.storyboard; name = Base; path = Base.lproj/LaunchScreen.storyboard; sourceTree = "<group>"; };
		95538ED022049F58006757BB /* Info.plist */ = {isa = PBXFileReference; lastKnownFileType = text.plist.xml; path = Info.plist; sourceTree = "<group>"; };
		95EFBF6D220AFD55002563D6 /* TodoItem.swift */ = {isa = PBXFileReference; lastKnownFileType = sourcecode.swift; path = TodoItem.swift; sourceTree = "<group>"; };
		95EFBF6F220AFE36002563D6 /* Category.swift */ = {isa = PBXFileReference; lastKnownFileType = sourcecode.swift; path = Category.swift; sourceTree = "<group>"; };
		A2847B3D00E2BBA76254A351 /* Pods-To Do.debug.xcconfig */ = {isa = PBXFileReference; includeInIndex = 1; lastKnownFileType = text.xcconfig; name = "Pods-To Do.debug.xcconfig"; path = "Pods/Target Support Files/Pods-To Do/Pods-To Do.debug.xcconfig"; sourceTree = "<group>"; };
		EE48CFBEB037CAD005FB8259 /* Pods_To_Do.framework */ = {isa = PBXFileReference; explicitFileType = wrapper.framework; includeInIndex = 0; path = Pods_To_Do.framework; sourceTree = BUILT_PRODUCTS_DIR; };
/* End PBXFileReference section */

/* Begin PBXFrameworksBuildPhase section */
		95538EBE22049F56006757BB /* Frameworks */ = {
			isa = PBXFrameworksBuildPhase;
			buildActionMask = 2147483647;
			files = (
				8541018B7F34EF3E0B922C8E /* Pods_To_Do.framework in Frameworks */,
			);
			runOnlyForDeploymentPostprocessing = 0;
		};
/* End PBXFrameworksBuildPhase section */

/* Begin PBXGroup section */
		0D5AE813E944066DAD1B30D6 /* Frameworks */ = {
			isa = PBXGroup;
			children = (
				EE48CFBEB037CAD005FB8259 /* Pods_To_Do.framework */,
			);
			name = Frameworks;
			sourceTree = "<group>";
		};
		9531F24422074F3A00431C1D /* Controllers */ = {
			isa = PBXGroup;
			children = (
				95256D9E2209DCDE007E1BA9 /* CategoryTableViewController.swift */,
				95538EC622049F56006757BB /* TodoListViewController.swift */,
				953A6AF3220B805C0094DD98 /* SwipeTableViewController.swift */,
			);
			path = Controllers;
			sourceTree = "<group>";
		};
		9531F24522074F7F00431C1D /* Model */ = {
			isa = PBXGroup;
			children = (
				95EFBF6F220AFE36002563D6 /* Category.swift */,
				95EFBF6D220AFD55002563D6 /* TodoItem.swift */,
			);
			path = Model;
			sourceTree = "<group>";
		};
		9531F24622074FB200431C1D /* Views */ = {
			isa = PBXGroup;
			children = (
				95538EC822049F56006757BB /* Main.storyboard */,
			);
			path = Views;
			sourceTree = "<group>";
		};
		9531F24722074FE500431C1D /* Supporting Files */ = {
			isa = PBXGroup;
			children = (
				95538ECB22049F58006757BB /* Assets.xcassets */,
				95538ECD22049F58006757BB /* LaunchScreen.storyboard */,
			);
			path = "Supporting Files";
			sourceTree = "<group>";
		};
		95538EB822049F56006757BB = {
			isa = PBXGroup;
			children = (
				95538EC322049F56006757BB /* To Do */,
				95538EC222049F56006757BB /* Products */,
				D9317307A32628E514ABEC75 /* Pods */,
				0D5AE813E944066DAD1B30D6 /* Frameworks */,
			);
			sourceTree = "<group>";
		};
		95538EC222049F56006757BB /* Products */ = {
			isa = PBXGroup;
			children = (
				95538EC122049F56006757BB /* To Do.app */,
			);
			name = Products;
			sourceTree = "<group>";
		};
		95538EC322049F56006757BB /* To Do */ = {
			isa = PBXGroup;
			children = (
				95538EC422049F56006757BB /* AppDelegate.swift */,
				9531F24422074F3A00431C1D /* Controllers */,
				9531F24522074F7F00431C1D /* Model */,
				9531F24622074FB200431C1D /* Views */,
				9531F24722074FE500431C1D /* Supporting Files */,
				95538ED022049F58006757BB /* Info.plist */,
			);
			path = "To Do";
			sourceTree = "<group>";
		};
		D9317307A32628E514ABEC75 /* Pods */ = {
			isa = PBXGroup;
			children = (
				A2847B3D00E2BBA76254A351 /* Pods-To Do.debug.xcconfig */,
				52927D44A1848E71848F0EE0 /* Pods-To Do.release.xcconfig */,
			);
			name = Pods;
			sourceTree = "<group>";
		};
/* End PBXGroup section */

/* Begin PBXNativeTarget section */
		95538EC022049F56006757BB /* To Do */ = {
			isa = PBXNativeTarget;
			buildConfigurationList = 95538ED322049F58006757BB /* Build configuration list for PBXNativeTarget "To Do" */;
			buildPhases = (
				81EC54237CC61DE9F83CB5E8 /* [CP] Check Pods Manifest.lock */,
				95538EBD22049F56006757BB /* Sources */,
				95538EBE22049F56006757BB /* Frameworks */,
				95538EBF22049F56006757BB /* Resources */,
				CF51A76806250218914D361C /* [CP] Embed Pods Frameworks */,
			);
			buildRules = (
			);
			dependencies = (
			);
			name = "To Do";
			productName = "To Do";
			productReference = 95538EC122049F56006757BB /* To Do.app */;
			productType = "com.apple.product-type.application";
		};
/* End PBXNativeTarget section */

/* Begin PBXProject section */
		95538EB922049F56006757BB /* Project object */ = {
			isa = PBXProject;
			attributes = {
				LastSwiftUpdateCheck = 1010;
				LastUpgradeCheck = 1010;
				ORGANIZATIONNAME = Sergey;
				TargetAttributes = {
					95538EC022049F56006757BB = {
						CreatedOnToolsVersion = 10.1;
					};
				};
			};
			buildConfigurationList = 95538EBC22049F56006757BB /* Build configuration list for PBXProject "To Do" */;
			compatibilityVersion = "Xcode 9.3";
			developmentRegion = en;
			hasScannedForEncodings = 0;
			knownRegions = (
				en,
				Base,
			);
			mainGroup = 95538EB822049F56006757BB;
			productRefGroup = 95538EC222049F56006757BB /* Products */;
			projectDirPath = "";
			projectRoot = "";
			targets = (
				95538EC022049F56006757BB /* To Do */,
			);
		};
/* End PBXProject section */

/* Begin PBXResourcesBuildPhase section */
		95538EBF22049F56006757BB /* Resources */ = {
			isa = PBXResourcesBuildPhase;
			buildActionMask = 2147483647;
			files = (
				95538ECF22049F58006757BB /* LaunchScreen.storyboard in Resources */,
				95538ECC22049F58006757BB /* Assets.xcassets in Resources */,
				95538ECA22049F56006757BB /* Main.storyboard in Resources */,
			);
			runOnlyForDeploymentPostprocessing = 0;
		};
/* End PBXResourcesBuildPhase section */

/* Begin PBXShellScriptBuildPhase section */
		81EC54237CC61DE9F83CB5E8 /* [CP] Check Pods Manifest.lock */ = {
			isa = PBXShellScriptBuildPhase;
			buildActionMask = 2147483647;
			files = (
			);
			inputFileListPaths = (
			);
			inputPaths = (
				"${PODS_PODFILE_DIR_PATH}/Podfile.lock",
				"${PODS_ROOT}/Manifest.lock",
			);
			name = "[CP] Check Pods Manifest.lock";
			outputFileListPaths = (
			);
			outputPaths = (
				"$(DERIVED_FILE_DIR)/Pods-To Do-checkManifestLockResult.txt",
			);
			runOnlyForDeploymentPostprocessing = 0;
			shellPath = /bin/sh;
			shellScript = "diff \"${PODS_PODFILE_DIR_PATH}/Podfile.lock\" \"${PODS_ROOT}/Manifest.lock\" > /dev/null\nif [ $? != 0 ] ; then\n    # print error to STDERR\n    echo \"error: The sandbox is not in sync with the Podfile.lock. Run 'pod install' or update your CocoaPods installation.\" >&2\n    exit 1\nfi\n# This output is used by Xcode 'outputs' to avoid re-running this script phase.\necho \"SUCCESS\" > \"${SCRIPT_OUTPUT_FILE_0}\"\n";
			showEnvVarsInLog = 0;
		};
		CF51A76806250218914D361C /* [CP] Embed Pods Frameworks */ = {
			isa = PBXShellScriptBuildPhase;
			buildActionMask = 2147483647;
			files = (
			);
			inputFileListPaths = (
			);
			inputPaths = (
				"${SRCROOT}/Pods/Target Support Files/Pods-To Do/Pods-To Do-frameworks.sh",
				"${BUILT_PRODUCTS_DIR}/ChameleonFramework/ChameleonFramework.framework",
				"${BUILT_PRODUCTS_DIR}/Realm/Realm.framework",
				"${BUILT_PRODUCTS_DIR}/RealmSwift/RealmSwift.framework",
				"${BUILT_PRODUCTS_DIR}/SwipeCellKit/SwipeCellKit.framework",
			);
			name = "[CP] Embed Pods Frameworks";
			outputFileListPaths = (
			);
			outputPaths = (
				"${TARGET_BUILD_DIR}/${FRAMEWORKS_FOLDER_PATH}/ChameleonFramework.framework",
				"${TARGET_BUILD_DIR}/${FRAMEWORKS_FOLDER_PATH}/Realm.framework",
				"${TARGET_BUILD_DIR}/${FRAMEWORKS_FOLDER_PATH}/RealmSwift.framework",
				"${TARGET_BUILD_DIR}/${FRAMEWORKS_FOLDER_PATH}/SwipeCellKit.framework",
			);
			runOnlyForDeploymentPostprocessing = 0;
			shellPath = /bin/sh;
			shellScript = "\"${SRCROOT}/Pods/Target Support Files/Pods-To Do/Pods-To Do-frameworks.sh\"\n";
			showEnvVarsInLog = 0;
		};
/* End PBXShellScriptBuildPhase section */

/* Begin PBXSourcesBuildPhase section */
		95538EBD22049F56006757BB /* Sources */ = {
			isa = PBXSourcesBuildPhase;
			buildActionMask = 2147483647;
			files = (
				95EFBF6E220AFD55002563D6 /* TodoItem.swift in Sources */,
				95538EC722049F56006757BB /* TodoListViewController.swift in Sources */,
				95538EC522049F56006757BB /* AppDelegate.swift in Sources */,
				95256D9F2209DCDE007E1BA9 /* CategoryTableViewController.swift in Sources */,
				953A6AF4220B805C0094DD98 /* SwipeTableViewController.swift in Sources */,
				95EFBF70220AFE36002563D6 /* Category.swift in Sources */,
			);
			runOnlyForDeploymentPostprocessing = 0;
		};
/* End PBXSourcesBuildPhase section */

/* Begin PBXVariantGroup section */
		95538EC822049F56006757BB /* Main.storyboard */ = {
			isa = PBXVariantGroup;
			children = (
				95538EC922049F56006757BB /* Base */,
			);
			name = Main.storyboard;
			sourceTree = "<group>";
		};
		95538ECD22049F58006757BB /* LaunchScreen.storyboard */ = {
			isa = PBXVariantGroup;
			children = (
				95538ECE22049F58006757BB /* Base */,
			);
			name = LaunchScreen.storyboard;
			sourceTree = "<group>";
		};
/* End PBXVariantGroup section */

/* Begin XCBuildConfiguration section */
		95538ED122049F58006757BB /* Debug */ = {
			isa = XCBuildConfiguration;
			buildSettings = {
				ALWAYS_SEARCH_USER_PATHS = NO;
				CLANG_ANALYZER_NONNULL = YES;
				CLANG_ANALYZER_NUMBER_OBJECT_CONVERSION = YES_AGGRESSIVE;
				CLANG_CXX_LANGUAGE_STANDARD = "gnu++14";
				CLANG_CXX_LIBRARY = "libc++";
				CLANG_ENABLE_MODULES = YES;
				CLANG_ENABLE_OBJC_ARC = YES;
				CLANG_ENABLE_OBJC_WEAK = YES;
				CLANG_WARN_BLOCK_CAPTURE_AUTORELEASING = YES;
				CLANG_WARN_BOOL_CONVERSION = YES;
				CLANG_WARN_COMMA = YES;
				CLANG_WARN_CONSTANT_CONVERSION = YES;
				CLANG_WARN_DEPRECATED_OBJC_IMPLEMENTATIONS = YES;
				CLANG_WARN_DIRECT_OBJC_ISA_USAGE = YES_ERROR;
				CLANG_WARN_DOCUMENTATION_COMMENTS = YES;
				CLANG_WARN_EMPTY_BODY = YES;
				CLANG_WARN_ENUM_CONVERSION = YES;
				CLANG_WARN_INFINITE_RECURSION = YES;
				CLANG_WARN_INT_CONVERSION = YES;
				CLANG_WARN_NON_LITERAL_NULL_CONVERSION = YES;
				CLANG_WARN_OBJC_IMPLICIT_RETAIN_SELF = YES;
				CLANG_WARN_OBJC_LITERAL_CONVERSION = YES;
				CLANG_WARN_OBJC_ROOT_CLASS = YES_ERROR;
				CLANG_WARN_RANGE_LOOP_ANALYSIS = YES;
				CLANG_WARN_STRICT_PROTOTYPES = YES;
				CLANG_WARN_SUSPICIOUS_MOVE = YES;
				CLANG_WARN_UNGUARDED_AVAILABILITY = YES_AGGRESSIVE;
				CLANG_WARN_UNREACHABLE_CODE = YES;
				CLANG_WARN__DUPLICATE_METHOD_MATCH = YES;
				CODE_SIGN_IDENTITY = "iPhone Developer";
				COPY_PHASE_STRIP = NO;
				DEBUG_INFORMATION_FORMAT = dwarf;
				ENABLE_STRICT_OBJC_MSGSEND = YES;
				ENABLE_TESTABILITY = YES;
				GCC_C_LANGUAGE_STANDARD = gnu11;
				GCC_DYNAMIC_NO_PIC = NO;
				GCC_NO_COMMON_BLOCKS = YES;
				GCC_OPTIMIZATION_LEVEL = 0;
				GCC_PREPROCESSOR_DEFINITIONS = (
					"DEBUG=1",
					"$(inherited)",
				);
				GCC_WARN_64_TO_32_BIT_CONVERSION = YES;
				GCC_WARN_ABOUT_RETURN_TYPE = YES_ERROR;
				GCC_WARN_UNDECLARED_SELECTOR = YES;
				GCC_WARN_UNINITIALIZED_AUTOS = YES_AGGRESSIVE;
				GCC_WARN_UNUSED_FUNCTION = YES;
				GCC_WARN_UNUSED_VARIABLE = YES;
				IPHONEOS_DEPLOYMENT_TARGET = 12.1;
				MTL_ENABLE_DEBUG_INFO = INCLUDE_SOURCE;
				MTL_FAST_MATH = YES;
				ONLY_ACTIVE_ARCH = YES;
				SDKROOT = iphoneos;
				SWIFT_ACTIVE_COMPILATION_CONDITIONS = DEBUG;
				SWIFT_OPTIMIZATION_LEVEL = "-Onone";
			};
			name = Debug;
		};
		95538ED222049F58006757BB /* Release */ = {
			isa = XCBuildConfiguration;
			buildSettings = {
				ALWAYS_SEARCH_USER_PATHS = NO;
				CLANG_ANALYZER_NONNULL = YES;
				CLANG_ANALYZER_NUMBER_OBJECT_CONVERSION = YES_AGGRESSIVE;
				CLANG_CXX_LANGUAGE_STANDARD = "gnu++14";
				CLANG_CXX_LIBRARY = "libc++";
				CLANG_ENABLE_MODULES = YES;
				CLANG_ENABLE_OBJC_ARC = YES;
				CLANG_ENABLE_OBJC_WEAK = YES;
				CLANG_WARN_BLOCK_CAPTURE_AUTORELEASING = YES;
				CLANG_WARN_BOOL_CONVERSION = YES;
				CLANG_WARN_COMMA = YES;
				CLANG_WARN_CONSTANT_CONVERSION = YES;
				CLANG_WARN_DEPRECATED_OBJC_IMPLEMENTATIONS = YES;
				CLANG_WARN_DIRECT_OBJC_ISA_USAGE = YES_ERROR;
				CLANG_WARN_DOCUMENTATION_COMMENTS = YES;
				CLANG_WARN_EMPTY_BODY = YES;
				CLANG_WARN_ENUM_CONVERSION = YES;
				CLANG_WARN_INFINITE_RECURSION = YES;
				CLANG_WARN_INT_CONVERSION = YES;
				CLANG_WARN_NON_LITERAL_NULL_CONVERSION = YES;
				CLANG_WARN_OBJC_IMPLICIT_RETAIN_SELF = YES;
				CLANG_WARN_OBJC_LITERAL_CONVERSION = YES;
				CLANG_WARN_OBJC_ROOT_CLASS = YES_ERROR;
				CLANG_WARN_RANGE_LOOP_ANALYSIS = YES;
				CLANG_WARN_STRICT_PROTOTYPES = YES;
				CLANG_WARN_SUSPICIOUS_MOVE = YES;
				CLANG_WARN_UNGUARDED_AVAILABILITY = YES_AGGRESSIVE;
				CLANG_WARN_UNREACHABLE_CODE = YES;
				CLANG_WARN__DUPLICATE_METHOD_MATCH = YES;
				CODE_SIGN_IDENTITY = "iPhone Developer";
				COPY_PHASE_STRIP = NO;
				DEBUG_INFORMATION_FORMAT = "dwarf-with-dsym";
				ENABLE_NS_ASSERTIONS = NO;
				ENABLE_STRICT_OBJC_MSGSEND = YES;
				GCC_C_LANGUAGE_STANDARD = gnu11;
				GCC_NO_COMMON_BLOCKS = YES;
				GCC_WARN_64_TO_32_BIT_CONVERSION = YES;
				GCC_WARN_ABOUT_RETURN_TYPE = YES_ERROR;
				GCC_WARN_UNDECLARED_SELECTOR = YES;
				GCC_WARN_UNINITIALIZED_AUTOS = YES_AGGRESSIVE;
				GCC_WARN_UNUSED_FUNCTION = YES;
				GCC_WARN_UNUSED_VARIABLE = YES;
				IPHONEOS_DEPLOYMENT_TARGET = 12.1;
				MTL_ENABLE_DEBUG_INFO = NO;
				MTL_FAST_MATH = YES;
				SDKROOT = iphoneos;
				SWIFT_COMPILATION_MODE = wholemodule;
				SWIFT_OPTIMIZATION_LEVEL = "-O";
				VALIDATE_PRODUCT = YES;
			};
			name = Release;
		};
		95538ED422049F58006757BB /* Debug */ = {
			isa = XCBuildConfiguration;
			baseConfigurationReference = A2847B3D00E2BBA76254A351 /* Pods-To Do.debug.xcconfig */;
			buildSettings = {
				ASSETCATALOG_COMPILER_APPICON_NAME = AppIcon;
				CODE_SIGN_STYLE = Automatic;
				DEVELOPMENT_TEAM = WD94C6GWGP;
				INFOPLIST_FILE = "To Do/Info.plist";
				LD_RUNPATH_SEARCH_PATHS = (
					"$(inherited)",
					"@executable_path/Frameworks",
				);
				PRODUCT_BUNDLE_IDENTIFIER = "com.sergey.To-Do";
				PRODUCT_NAME = "$(TARGET_NAME)";
				SWIFT_VERSION = 4.2;
				TARGETED_DEVICE_FAMILY = 1;
			};
			name = Debug;
		};
		95538ED522049F58006757BB /* Release */ = {
			isa = XCBuildConfiguration;
			baseConfigurationReference = 52927D44A1848E71848F0EE0 /* Pods-To Do.release.xcconfig */;
			buildSettings = {
				ASSETCATALOG_COMPILER_APPICON_NAME = AppIcon;
				CODE_SIGN_STYLE = Automatic;
				DEVELOPMENT_TEAM = WD94C6GWGP;
				INFOPLIST_FILE = "To Do/Info.plist";
				LD_RUNPATH_SEARCH_PATHS = (
					"$(inherited)",
					"@executable_path/Frameworks",
				);
				PRODUCT_BUNDLE_IDENTIFIER = "com.sergey.To-Do";
				PRODUCT_NAME = "$(TARGET_NAME)";
				SWIFT_VERSION = 4.2;
				TARGETED_DEVICE_FAMILY = 1;
			};
			name = Release;
		};
/* End XCBuildConfiguration section */

/* Begin XCConfigurationList section */
		95538EBC22049F56006757BB /* Build configuration list for PBXProject "To Do" */ = {
			isa = XCConfigurationList;
			buildConfigurations = (
				95538ED122049F58006757BB /* Debug */,
				95538ED222049F58006757BB /* Release */,
			);
			defaultConfigurationIsVisible = 0;
			defaultConfigurationName = Release;
		};
		95538ED322049F58006757BB /* Build configuration list for PBXNativeTarget "To Do" */ = {
			isa = XCConfigurationList;
			buildConfigurations = (
				95538ED422049F58006757BB /* Debug */,
				95538ED522049F58006757BB /* Release */,
			);
			defaultConfigurationIsVisible = 0;
			defaultConfigurationName = Release;
		};
/* End XCConfigurationList section */
	};
	rootObject = 95538EB922049F56006757BB /* Project object */;
}
